
Microsoft Visual Studio Solution File, Format Version 12.00
# Visual Studio Version 16
VisualStudioVersion = 16.0.31624.102
MinimumVisualStudioVersion = 10.0.40219.1
Project("{FAE04EC0-301F-11D3-BF4B-00C04F79EFBC}") = "exercicio_classe_funcionario", "exercicio_classe_funcionario\exercicio_classe_funcionario.csproj", "{C0F39DDE-44FA-4DBC-BFF2-4645F308AE8D}"
EndProject
Global
	GlobalSection(SolutionConfigurationPlatforms) = preSolution
		Debug|Any CPU = Debug|Any CPU
		Release|Any CPU = Release|Any CPU
	EndGlobalSection
	GlobalSection(ProjectConfigurationPlatforms) = postSolution
		{C0F39DDE-44FA-4DBC-BFF2-4645F308AE8D}.Debug|Any CPU.ActiveCfg = Debug|Any CPU
		{C0F39DDE-44FA-4DBC-BFF2-4645F308AE8D}.Debug|Any CPU.Build.0 = Debug|Any CPU
		{C0F39DDE-44FA-4DBC-BFF2-4645F308AE8D}.Release|Any CPU.ActiveCfg = Release|Any CPU
		{C0F39DDE-44FA-4DBC-BFF2-4645F308AE8D}.Release|Any CPU.Build.0 = Release|Any CPU
	EndGlobalSection
	GlobalSection(SolutionProperties) = preSolution
		HideSolutionNode = FALSE
	EndGlobalSection
	GlobalSection(ExtensibilityGlobals) = postSolution
		SolutionGuid = {F6AC9B74-138B-4293-90E3-049AC5792E8E}
	EndGlobalSection
EndGlobal
